
Microsoft Visual Studio Solution File, Format Version 12.00
# Visual Studio 15
VisualStudioVersion = 15.0.26124.0
MinimumVisualStudioVersion = 15.0.26124.0
Project("{2150E333-8FDC-42A3-9474-1A3956D46DE8}") = "src", "src", "{8DA3B20E-A657-4083-AD83-2DE055A11C1D}"
EndProject
Project("{9A19103F-16F7-4668-BE54-9A1E7A4F7556}") = "Login.Core", "Login.Core\Login.Core.csproj", "{D9709555-7549-45A3-AE0A-6CDF3CF59B9F}"
EndProject
Project("{9A19103F-16F7-4668-BE54-9A1E7A4F7556}") = "Login.Infrastructure", "Login.Infrastructure\Login.Infrastructure.csproj", "{EB138EDD-8E40-48F5-9561-B90C537CAAA4}"
EndProject
Project("{9A19103F-16F7-4668-BE54-9A1E7A4F7556}") = "Login.UseCases", "Login.UseCases\Login.UseCases.csproj", "{AF58AB42-450D-4342-BE1C-F5D0508A2674}"
EndProject
Project("{9A19103F-16F7-4668-BE54-9A1E7A4F7556}") = "Login.Web", "Login.Web\Login.Web.csproj", "{A1DB6E45-1F9F-4630-9B78-703E902BD30E}"
EndProject
Project("{2150E333-8FDC-42A3-9474-1A3956D46DE8}") = "tests", "tests", "{719006EA-F52D-4462-AC24-AC120E406928}"
EndProject
Project("{9A19103F-16F7-4668-BE54-9A1E7A4F7556}") = "Login.Tests", "Login.Tests\Login.Tests.csproj", "{6FB21F06-1862-47C1-9D68-411C6CD912F9}"
EndProject
Global
	GlobalSection(SolutionConfigurationPlatforms) = preSolution
		Debug|Any CPU = Debug|Any CPU
		Debug|x64 = Debug|x64
		Debug|x86 = Debug|x86
		Release|Any CPU = Release|Any CPU
		Release|x64 = Release|x64
		Release|x86 = Release|x86
	EndGlobalSection
	GlobalSection(ProjectConfigurationPlatforms) = postSolution
		{D9709555-7549-45A3-AE0A-6CDF3CF59B9F}.Debug|Any CPU.ActiveCfg = Debug|Any CPU
		{D9709555-7549-45A3-AE0A-6CDF3CF59B9F}.Debug|Any CPU.Build.0 = Debug|Any CPU
		{D9709555-7549-45A3-AE0A-6CDF3CF59B9F}.Debug|x64.ActiveCfg = Debug|Any CPU
		{D9709555-7549-45A3-AE0A-6CDF3CF59B9F}.Debug|x64.Build.0 = Debug|Any CPU
		{D9709555-7549-45A3-AE0A-6CDF3CF59B9F}.Debug|x86.ActiveCfg = Debug|Any CPU
		{D9709555-7549-45A3-AE0A-6CDF3CF59B9F}.Debug|x86.Build.0 = Debug|Any CPU
		{D9709555-7549-45A3-AE0A-6CDF3CF59B9F}.Release|Any CPU.ActiveCfg = Release|Any CPU
		{D9709555-7549-45A3-AE0A-6CDF3CF59B9F}.Release|Any CPU.Build.0 = Release|Any CPU
		{D9709555-7549-45A3-AE0A-6CDF3CF59B9F}.Release|x64.ActiveCfg = Release|Any CPU
		{D9709555-7549-45A3-AE0A-6CDF3CF59B9F}.Release|x64.Build.0 = Release|Any CPU
		{D9709555-7549-45A3-AE0A-6CDF3CF59B9F}.Release|x86.ActiveCfg = Release|Any CPU
		{D9709555-7549-45A3-AE0A-6CDF3CF59B9F}.Release|x86.Build.0 = Release|Any CPU
		{EB138EDD-8E40-48F5-9561-B90C537CAAA4}.Debug|Any CPU.ActiveCfg = Debug|Any CPU
		{EB138EDD-8E40-48F5-9561-B90C537CAAA4}.Debug|Any CPU.Build.0 = Debug|Any CPU
		{EB138EDD-8E40-48F5-9561-B90C537CAAA4}.Debug|x64.ActiveCfg = Debug|Any CPU
		{EB138EDD-8E40-48F5-9561-B90C537CAAA4}.Debug|x64.Build.0 = Debug|Any CPU
		{EB138EDD-8E40-48F5-9561-B90C537CAAA4}.Debug|x86.ActiveCfg = Debug|Any CPU
		{EB138EDD-8E40-48F5-9561-B90C537CAAA4}.Debug|x86.Build.0 = Debug|Any CPU
		{EB138EDD-8E40-48F5-9561-B90C537CAAA4}.Release|Any CPU.ActiveCfg = Release|Any CPU
		{EB138EDD-8E40-48F5-9561-B90C537CAAA4}.Release|Any CPU.Build.0 = Release|Any CPU
		{EB138EDD-8E40-48F5-9561-B90C537CAAA4}.Release|x64.ActiveCfg = Release|Any CPU
		{EB138EDD-8E40-48F5-9561-B90C537CAAA4}.Release|x64.Build.0 = Release|Any CPU
		{EB138EDD-8E40-48F5-9561-B90C537CAAA4}.Release|x86.ActiveCfg = Release|Any CPU
		{EB138EDD-8E40-48F5-9561-B90C537CAAA4}.Release|x86.Build.0 = Release|Any CPU
		{AF58AB42-450D-4342-BE1C-F5D0508A2674}.Debug|Any CPU.ActiveCfg = Debug|Any CPU
		{AF58AB42-450D-4342-BE1C-F5D0508A2674}.Debug|Any CPU.Build.0 = Debug|Any CPU
		{AF58AB42-450D-4342-BE1C-F5D0508A2674}.Debug|x64.ActiveCfg = Debug|Any CPU
		{AF58AB42-450D-4342-BE1C-F5D0508A2674}.Debug|x64.Build.0 = Debug|Any CPU
		{AF58AB42-450D-4342-BE1C-F5D0508A2674}.Debug|x86.ActiveCfg = Debug|Any CPU
		{AF58AB42-450D-4342-BE1C-F5D0508A2674}.Debug|x86.Build.0 = Debug|Any CPU
		{AF58AB42-450D-4342-BE1C-F5D0508A2674}.Release|Any CPU.ActiveCfg = Release|Any CPU
		{AF58AB42-450D-4342-BE1C-F5D0508A2674}.Release|Any CPU.Build.0 = Release|Any CPU
		{AF58AB42-450D-4342-BE1C-F5D0508A2674}.Release|x64.ActiveCfg = Release|Any CPU
		{AF58AB42-450D-4342-BE1C-F5D0508A2674}.Release|x64.Build.0 = Release|Any CPU
		{AF58AB42-450D-4342-BE1C-F5D0508A2674}.Release|x86.ActiveCfg = Release|Any CPU
		{AF58AB42-450D-4342-BE1C-F5D0508A2674}.Release|x86.Build.0 = Release|Any CPU
		{A1DB6E45-1F9F-4630-9B78-703E902BD30E}.Debug|Any CPU.ActiveCfg = Debug|Any CPU
		{A1DB6E45-1F9F-4630-9B78-703E902BD30E}.Debug|Any CPU.Build.0 = Debug|Any CPU
		{A1DB6E45-1F9F-4630-9B78-703E902BD30E}.Debug|x64.ActiveCfg = Debug|Any CPU
		{A1DB6E45-1F9F-4630-9B78-703E902BD30E}.Debug|x64.Build.0 = Debug|Any CPU
		{A1DB6E45-1F9F-4630-9B78-703E902BD30E}.Debug|x86.ActiveCfg = Debug|Any CPU
		{A1DB6E45-1F9F-4630-9B78-703E902BD30E}.Debug|x86.Build.0 = Debug|Any CPU
		{A1DB6E45-1F9F-4630-9B78-703E902BD30E}.Release|Any CPU.ActiveCfg = Release|Any CPU
		{A1DB6E45-1F9F-4630-9B78-703E902BD30E}.Release|Any CPU.Build.0 = Release|Any CPU
		{A1DB6E45-1F9F-4630-9B78-703E902BD30E}.Release|x64.ActiveCfg = Release|Any CPU
		{A1DB6E45-1F9F-4630-9B78-703E902BD30E}.Release|x64.Build.0 = Release|Any CPU
		{A1DB6E45-1F9F-4630-9B78-703E902BD30E}.Release|x86.ActiveCfg = Release|Any CPU
		{A1DB6E45-1F9F-4630-9B78-703E902BD30E}.Release|x86.Build.0 = Release|Any CPU
		{6FB21F06-1862-47C1-9D68-411C6CD912F9}.Debug|Any CPU.ActiveCfg = Debug|Any CPU
		{6FB21F06-1862-47C1-9D68-411C6CD912F9}.Debug|Any CPU.Build.0 = Debug|Any CPU
		{6FB21F06-1862-47C1-9D68-411C6CD912F9}.Debug|x64.ActiveCfg = Debug|Any CPU
		{6FB21F06-1862-47C1-9D68-411C6CD912F9}.Debug|x64.Build.0 = Debug|Any CPU
		{6FB21F06-1862-47C1-9D68-411C6CD912F9}.Debug|x86.ActiveCfg = Debug|Any CPU
		{6FB21F06-1862-47C1-9D68-411C6CD912F9}.Debug|x86.Build.0 = Debug|Any CPU
		{6FB21F06-1862-47C1-9D68-411C6CD912F9}.Release|Any CPU.ActiveCfg = Release|Any CPU
		{6FB21F06-1862-47C1-9D68-411C6CD912F9}.Release|Any CPU.Build.0 = Release|Any CPU
		{6FB21F06-1862-47C1-9D68-411C6CD912F9}.Release|x64.ActiveCfg = Release|Any CPU
		{6FB21F06-1862-47C1-9D68-411C6CD912F9}.Release|x64.Build.0 = Release|Any CPU
		{6FB21F06-1862-47C1-9D68-411C6CD912F9}.Release|x86.ActiveCfg = Release|Any CPU
		{6FB21F06-1862-47C1-9D68-411C6CD912F9}.Release|x86.Build.0 = Release|Any CPU
	EndGlobalSection
	GlobalSection(SolutionProperties) = preSolution
		HideSolutionNode = FALSE
	EndGlobalSection
	GlobalSection(NestedProjects) = preSolution
		{D9709555-7549-45A3-AE0A-6CDF3CF59B9F} = {8DA3B20E-A657-4083-AD83-2DE055A11C1D}
		{EB138EDD-8E40-48F5-9561-B90C537CAAA4} = {8DA3B20E-A657-4083-AD83-2DE055A11C1D}
		{AF58AB42-450D-4342-BE1C-F5D0508A2674} = {8DA3B20E-A657-4083-AD83-2DE055A11C1D}
		{A1DB6E45-1F9F-4630-9B78-703E902BD30E} = {8DA3B20E-A657-4083-AD83-2DE055A11C1D}
		{6FB21F06-1862-47C1-9D68-411C6CD912F9} = {719006EA-F52D-4462-AC24-AC120E406928}
	EndGlobalSection
	GlobalSection(ExtensibilityGlobals) = postSolution
		SolutionGuid = {0D554A8F-7DCB-444E-B714-A68E9D62CFA3}
	EndGlobalSection
EndGlobal
